<?xml version="1.0" encoding="utf-8"?>
<Project ToolsVersion="4.0" xmlns="http://schemas.microsoft.com/developer/msbuild/2003">
  <ItemGroup>
    <Filter Include="ソース ファイル">
      <UniqueIdentifier>{4FC737F1-C7A5-4376-A066-2A32D752A2FF}</UniqueIdentifier>
      <Extensions>cpp;c;cc;cxx;def;odl;idl;hpj;bat;asm;asmx</Extensions>
    </Filter>
    <Filter Include="リソース ファイル">
      <UniqueIdentifier>{67DA6AB6-F800-4c08-8B7A-83BB121AAD01}</UniqueIdentifier>
      <Extensions>rc;ico;cur;bmp;dlg;rc2;rct;bin;rgs;gif;jpg;jpeg;jpe;resx;tiff;tif;png;wav;mfcribbon-ms</Extensions>
    </Filter>
    <Filter Include="ソース ファイル\ヘッダー ファイル">
      <UniqueIdentifier>{93995380-89BD-4b04-88EB-625FBE52EBFB}</UniqueIdentifier>
      <Extensions>h;hh;hpp;hxx;hm;inl;inc;ipp;xsd</Extensions>
    </Filter>
  </ItemGroup>
  <ItemGroup>
    <ClCompile Include="GamePlay.cpp">
      <Filter>ソース ファイル</Filter>
    </ClCompile>
    <ClCompile Include="control.cpp">
      <Filter>ソース ファイル</Filter>
    </ClCompile>
    <ClCompile Include="LoadPic.cpp">
      <Filter>ソース ファイル</Filter>
    </ClCompile>
    <ClCompile Include="Main_Source.cpp">
      <Filter>ソース ファイル</Filter>
    </ClCompile>
    <ClCompile Include="Map.cpp">
      <Filter>ソース ファイル</Filter>
    </ClCompile>
    <ClCompile Include="Player.cpp">
      <Filter>ソース ファイル</Filter>
    </ClCompile>
    <ClCompile Include="Controler.cpp">
      <Filter>ソース ファイル</Filter>
    </ClCompile>
    <ClCompile Include="Init.cpp">
      <Filter>ソース ファイル</Filter>
    </ClCompile>
    <ClCompile Include="Select.cpp">
      <Filter>ソース ファイル</Filter>
    </ClCompile>
    <ClCompile Include="Rain.cpp">
      <Filter>ソース ファイル</Filter>
    </ClCompile>
    <ClCompile Include="enemy.cpp">
      <Filter>ソース ファイル</Filter>
    </ClCompile>
    <ClCompile Include="Dynadelete.cpp">
      <Filter>ソース ファイル</Filter>
    </ClCompile>
    <ClCompile Include="Boss.cpp">
      <Filter>ソース ファイル</Filter>
    </ClCompile>
    <ClCompile Include="HP.cpp">
      <Filter>ソース ファイル</Filter>
    </ClCompile>
    <ClCompile Include="Trap.cpp">
      <Filter>ソース ファイル</Filter>
    </ClCompile>
    <ClCompile Include="Memo.cpp">
      <Filter>ソース ファイル</Filter>
    </ClCompile>
    <ClCompile Include="Skill.cpp">
      <Filter>ソース ファイル</Filter>
    </ClCompile>
  </ItemGroup>
  <ItemGroup>
    <ClInclude Include="control.h">
      <Filter>ソース ファイル\ヘッダー ファイル</Filter>
    </ClInclude>
    <ClInclude Include="Picture.h">
      <Filter>ソース ファイル\ヘッダー ファイル</Filter>
    </ClInclude>
    <ClInclude Include="Struct.h">
      <Filter>ソース ファイル\ヘッダー ファイル</Filter>
    </ClInclude>
    <ClInclude Include="GamePlay.h">
      <Filter>ソース ファイル\ヘッダー ファイル</Filter>
    </ClInclude>
    <ClInclude Include="Map.h">
      <Filter>ソース ファイル\ヘッダー ファイル</Filter>
    </ClInclude>
    <ClInclude Include="Player.h">
      <Filter>ソース ファイル\ヘッダー ファイル</Filter>
    </ClInclude>
    <ClInclude Include="Controler.h">
      <Filter>ソース ファイル\ヘッダー ファイル</Filter>
    </ClInclude>
    <ClInclude Include="Init.h">
      <Filter>ソース ファイル\ヘッダー ファイル</Filter>
    </ClInclude>
    <ClInclude Include="GameScene.h">
      <Filter>ソース ファイル\ヘッダー ファイル</Filter>
    </ClInclude>
    <ClInclude Include="Select.h">
      <Filter>ソース ファイル\ヘッダー ファイル</Filter>
    </ClInclude>
    <ClInclude Include="Rain.h">
      <Filter>ソース ファイル\ヘッダー ファイル</Filter>
    </ClInclude>
    <ClInclude Include="enemy.h">
      <Filter>ソース ファイル\ヘッダー ファイル</Filter>
    </ClInclude>
    <ClInclude Include="Dynadelete.h">
      <Filter>ソース ファイル\ヘッダー ファイル</Filter>
    </ClInclude>
    <ClInclude Include="Boss.h">
      <Filter>ソース ファイル\ヘッダー ファイル</Filter>
    </ClInclude>
    <ClInclude Include="HP.h">
      <Filter>ソース ファイル\ヘッダー ファイル</Filter>
    </ClInclude>
    <ClInclude Include="Trap.h">
      <Filter>ソース ファイル\ヘッダー ファイル</Filter>
    </ClInclude>
    <ClInclude Include="Macro.h">
      <Filter>ソース ファイル\ヘッダー ファイル</Filter>
    </ClInclude>
    <ClInclude Include="Skill.h">
      <Filter>ソース ファイル\ヘッダー ファイル</Filter>
    </ClInclude>
  </ItemGroup>
</Project>